// !$*UTF8*$!
{
	archiveVersion = 1;
	classes = {
	};
	objectVersion = 46;
	objects = {

/* Begin PBXBuildFile section */
		181F36381D4591C700DA5174 /* AppDelegate.swift in Sources */ = {isa = PBXBuildFile; fileRef = 181F36371D4591C700DA5174 /* AppDelegate.swift */; };
		181F363A1D4591C700DA5174 /* ViewController.swift in Sources */ = {isa = PBXBuildFile; fileRef = 181F36391D4591C700DA5174 /* ViewController.swift */; };
		181F363D1D4591C700DA5174 /* Main.storyboard in Resources */ = {isa = PBXBuildFile; fileRef = 181F363B1D4591C700DA5174 /* Main.storyboard */; };
		181F363F1D4591C700DA5174 /* Assets.xcassets in Resources */ = {isa = PBXBuildFile; fileRef = 181F363E1D4591C700DA5174 /* Assets.xcassets */; };
		181F36421D4591C700DA5174 /* LaunchScreen.storyboard in Resources */ = {isa = PBXBuildFile; fileRef = 181F36401D4591C700DA5174 /* LaunchScreen.storyboard */; };
		181F364D1D4591C700DA5174 /* Pedometer_Alarm_ClockTests.swift in Sources */ = {isa = PBXBuildFile; fileRef = 181F364C1D4591C700DA5174 /* Pedometer_Alarm_ClockTests.swift */; };
		181F36581D4591C700DA5174 /* Pedometer_Alarm_ClockUITests.swift in Sources */ = {isa = PBXBuildFile; fileRef = 181F36571D4591C700DA5174 /* Pedometer_Alarm_ClockUITests.swift */; };
		181F36661D46E1F300DA5174 /* AlarmCreationViewController.swift in Sources */ = {isa = PBXBuildFile; fileRef = 181F36651D46E1F300DA5174 /* AlarmCreationViewController.swift */; };
		181F36681D46E48F00DA5174 /* AlarmObject.swift in Sources */ = {isa = PBXBuildFile; fileRef = 181F36671D46E48F00DA5174 /* AlarmObject.swift */; };
		181F366A1D46EC4400DA5174 /* alarmTableView.swift in Sources */ = {isa = PBXBuildFile; fileRef = 181F36691D46EC4400DA5174 /* alarmTableView.swift */; };
		181F366C1D46F04C00DA5174 /* Cell.swift in Sources */ = {isa = PBXBuildFile; fileRef = 181F366B1D46F04C00DA5174 /* Cell.swift */; };
/* End PBXBuildFile section */

/* Begin PBXContainerItemProxy section */
		181F36491D4591C700DA5174 /* PBXContainerItemProxy */ = {
			isa = PBXContainerItemProxy;
			containerPortal = 181F362C1D4591C700DA5174 /* Project object */;
			proxyType = 1;
			remoteGlobalIDString = 181F36331D4591C700DA5174;
			remoteInfo = Pedometer_Alarm_Clock;
		};
		181F36541D4591C700DA5174 /* PBXContainerItemProxy */ = {
			isa = PBXContainerItemProxy;
			containerPortal = 181F362C1D4591C700DA5174 /* Project object */;
			proxyType = 1;
			remoteGlobalIDString = 181F36331D4591C700DA5174;
			remoteInfo = Pedometer_Alarm_Clock;
		};
/* End PBXContainerItemProxy section */

/* Begin PBXFileReference section */
		181F36341D4591C700DA5174 /* Pedometer_Alarm_Clock.app */ = {isa = PBXFileReference; explicitFileType = wrapper.application; includeInIndex = 0; path = Pedometer_Alarm_Clock.app; sourceTree = BUILT_PRODUCTS_DIR; };
		181F36371D4591C700DA5174 /* AppDelegate.swift */ = {isa = PBXFileReference; lastKnownFileType = sourcecode.swift; path = AppDelegate.swift; sourceTree = "<group>"; };
		181F36391D4591C700DA5174 /* ViewController.swift */ = {isa = PBXFileReference; lastKnownFileType = sourcecode.swift; path = ViewController.swift; sourceTree = "<group>"; };
		181F363C1D4591C700DA5174 /* Base */ = {isa = PBXFileReference; lastKnownFileType = file.storyboard; name = Base; path = Base.lproj/Main.storyboard; sourceTree = "<group>"; };
		181F363E1D4591C700DA5174 /* Assets.xcassets */ = {isa = PBXFileReference; lastKnownFileType = folder.assetcatalog; path = Assets.xcassets; sourceTree = "<group>"; };
		181F36411D4591C700DA5174 /* Base */ = {isa = PBXFileReference; lastKnownFileType = file.storyboard; name = Base; path = Base.lproj/LaunchScreen.storyboard; sourceTree = "<group>"; };
		181F36431D4591C700DA5174 /* Info.plist */ = {isa = PBXFileReference; lastKnownFileType = text.plist.xml; path = Info.plist; sourceTree = "<group>"; };
		181F36481D4591C700DA5174 /* Pedometer_Alarm_ClockTests.xctest */ = {isa = PBXFileReference; explicitFileType = wrapper.cfbundle; includeInIndex = 0; path = Pedometer_Alarm_ClockTests.xctest; sourceTree = BUILT_PRODUCTS_DIR; };
		181F364C1D4591C700DA5174 /* Pedometer_Alarm_ClockTests.swift */ = {isa = PBXFileReference; lastKnownFileType = sourcecode.swift; path = Pedometer_Alarm_ClockTests.swift; sourceTree = "<group>"; };
		181F364E1D4591C700DA5174 /* Info.plist */ = {isa = PBXFileReference; lastKnownFileType = text.plist.xml; path = Info.plist; sourceTree = "<group>"; };
		181F36531D4591C700DA5174 /* Pedometer_Alarm_ClockUITests.xctest */ = {isa = PBXFileReference; explicitFileType = wrapper.cfbundle; includeInIndex = 0; path = Pedometer_Alarm_ClockUITests.xctest; sourceTree = BUILT_PRODUCTS_DIR; };
		181F36571D4591C700DA5174 /* Pedometer_Alarm_ClockUITests.swift */ = {isa = PBXFileReference; lastKnownFileType = sourcecode.swift; path = Pedometer_Alarm_ClockUITests.swift; sourceTree = "<group>"; };
		181F36591D4591C700DA5174 /* Info.plist */ = {isa = PBXFileReference; lastKnownFileType = text.plist.xml; path = Info.plist; sourceTree = "<group>"; };
		181F36651D46E1F300DA5174 /* AlarmCreationViewController.swift */ = {isa = PBXFileReference; fileEncoding = 4; lastKnownFileType = sourcecode.swift; path = AlarmCreationViewController.swift; sourceTree = "<group>"; };
		181F36671D46E48F00DA5174 /* AlarmObject.swift */ = {isa = PBXFileReference; fileEncoding = 4; lastKnownFileType = sourcecode.swift; path = AlarmObject.swift; sourceTree = "<group>"; };
		181F36691D46EC4400DA5174 /* alarmTableView.swift */ = {isa = PBXFileReference; fileEncoding = 4; lastKnownFileType = sourcecode.swift; path = alarmTableView.swift; sourceTree = "<group>"; };
		181F366B1D46F04C00DA5174 /* Cell.swift */ = {isa = PBXFileReference; fileEncoding = 4; lastKnownFileType = sourcecode.swift; path = Cell.swift; sourceTree = "<group>"; };
/* End PBXFileReference section */

/* Begin PBXFrameworksBuildPhase section */
		181F36311D4591C700DA5174 /* Frameworks */ = {
			isa = PBXFrameworksBuildPhase;
			buildActionMask = 2147483647;
			files = (
			);
			runOnlyForDeploymentPostprocessing = 0;
		};
		181F36451D4591C700DA5174 /* Frameworks */ = {
			isa = PBXFrameworksBuildPhase;
			buildActionMask = 2147483647;
			files = (
			);
			runOnlyForDeploymentPostprocessing = 0;
		};
		181F36501D4591C700DA5174 /* Frameworks */ = {
			isa = PBXFrameworksBuildPhase;
			buildActionMask = 2147483647;
			files = (
			);
			runOnlyForDeploymentPostprocessing = 0;
		};
/* End PBXFrameworksBuildPhase section */

/* Begin PBXGroup section */
		181F362B1D4591C600DA5174 = {
			isa = PBXGroup;
			children = (
				181F36361D4591C700DA5174 /* Pedometer_Alarm_Clock */,
				181F364B1D4591C700DA5174 /* Pedometer_Alarm_ClockTests */,
				181F36561D4591C700DA5174 /* Pedometer_Alarm_ClockUITests */,
				181F36351D4591C700DA5174 /* Products */,
			);
			sourceTree = "<group>";
		};
		181F36351D4591C700DA5174 /* Products */ = {
			isa = PBXGroup;
			children = (
				181F36341D4591C700DA5174 /* Pedometer_Alarm_Clock.app */,
				181F36481D4591C700DA5174 /* Pedometer_Alarm_ClockTests.xctest */,
				181F36531D4591C700DA5174 /* Pedometer_Alarm_ClockUITests.xctest */,
			);
			name = Products;
			sourceTree = "<group>";
		};
		181F36361D4591C700DA5174 /* Pedometer_Alarm_Clock */ = {
			isa = PBXGroup;
			children = (
				181F36371D4591C700DA5174 /* AppDelegate.swift */,
				181F36391D4591C700DA5174 /* ViewController.swift */,
				181F363B1D4591C700DA5174 /* Main.storyboard */,
				181F363E1D4591C700DA5174 /* Assets.xcassets */,
				181F36401D4591C700DA5174 /* LaunchScreen.storyboard */,
				181F36431D4591C700DA5174 /* Info.plist */,
				181F36651D46E1F300DA5174 /* AlarmCreationViewController.swift */,
				181F36671D46E48F00DA5174 /* AlarmObject.swift */,
				181F36691D46EC4400DA5174 /* alarmTableView.swift */,
				181F366B1D46F04C00DA5174 /* Cell.swift */,
			);
			path = Pedometer_Alarm_Clock;
			sourceTree = "<group>";
		};
		181F364B1D4591C700DA5174 /* Pedometer_Alarm_ClockTests */ = {
			isa = PBXGroup;
			children = (
				181F364C1D4591C700DA5174 /* Pedometer_Alarm_ClockTests.swift */,
				181F364E1D4591C700DA5174 /* Info.plist */,
			);
			path = Pedometer_Alarm_ClockTests;
			sourceTree = "<group>";
		};
		181F36561D4591C700DA5174 /* Pedometer_Alarm_ClockUITests */ = {
			isa = PBXGroup;
			children = (
				181F36571D4591C700DA5174 /* Pedometer_Alarm_ClockUITests.swift */,
				181F36591D4591C700DA5174 /* Info.plist */,
			);
			path = Pedometer_Alarm_ClockUITests;
			sourceTree = "<group>";
		};
/* End PBXGroup section */

/* Begin PBXNativeTarget section */
		181F36331D4591C700DA5174 /* Pedometer_Alarm_Clock */ = {
			isa = PBXNativeTarget;
			buildConfigurationList = 181F365C1D4591C700DA5174 /* Build configuration list for PBXNativeTarget "Pedometer_Alarm_Clock" */;
			buildPhases = (
				181F36301D4591C700DA5174 /* Sources */,
				181F36311D4591C700DA5174 /* Frameworks */,
				181F36321D4591C700DA5174 /* Resources */,
			);
			buildRules = (
			);
			dependencies = (
			);
			name = Pedometer_Alarm_Clock;
			productName = Pedometer_Alarm_Clock;
			productReference = 181F36341D4591C700DA5174 /* Pedometer_Alarm_Clock.app */;
			productType = "com.apple.product-type.application";
		};
		181F36471D4591C700DA5174 /* Pedometer_Alarm_ClockTests */ = {
			isa = PBXNativeTarget;
			buildConfigurationList = 181F365F1D4591C700DA5174 /* Build configuration list for PBXNativeTarget "Pedometer_Alarm_ClockTests" */;
			buildPhases = (
				181F36441D4591C700DA5174 /* Sources */,
				181F36451D4591C700DA5174 /* Frameworks */,
				181F36461D4591C700DA5174 /* Resources */,
			);
			buildRules = (
			);
			dependencies = (
				181F364A1D4591C700DA5174 /* PBXTargetDependency */,
			);
			name = Pedometer_Alarm_ClockTests;
			productName = Pedometer_Alarm_ClockTests;
			productReference = 181F36481D4591C700DA5174 /* Pedometer_Alarm_ClockTests.xctest */;
			productType = "com.apple.product-type.bundle.unit-test";
		};
		181F36521D4591C700DA5174 /* Pedometer_Alarm_ClockUITests */ = {
			isa = PBXNativeTarget;
			buildConfigurationList = 181F36621D4591C700DA5174 /* Build configuration list for PBXNativeTarget "Pedometer_Alarm_ClockUITests" */;
			buildPhases = (
				181F364F1D4591C700DA5174 /* Sources */,
				181F36501D4591C700DA5174 /* Frameworks */,
				181F36511D4591C700DA5174 /* Resources */,
			);
			buildRules = (
			);
			dependencies = (
				181F36551D4591C700DA5174 /* PBXTargetDependency */,
			);
			name = Pedometer_Alarm_ClockUITests;
			productName = Pedometer_Alarm_ClockUITests;
			productReference = 181F36531D4591C700DA5174 /* Pedometer_Alarm_ClockUITests.xctest */;
			productType = "com.apple.product-type.bundle.ui-testing";
		};
/* End PBXNativeTarget section */

/* Begin PBXProject section */
		181F362C1D4591C700DA5174 /* Project object */ = {
			isa = PBXProject;
			attributes = {
				LastSwiftUpdateCheck = 0730;
				LastUpgradeCheck = 0730;
				ORGANIZATIONNAME = "Aash Bhardwaj";
				TargetAttributes = {
					181F36331D4591C700DA5174 = {
						CreatedOnToolsVersion = 7.3.1;
						DevelopmentTeam = 3LM9MC8JM6;
					};
					181F36471D4591C700DA5174 = {
						CreatedOnToolsVersion = 7.3.1;
						TestTargetID = 181F36331D4591C700DA5174;
					};
					181F36521D4591C700DA5174 = {
						CreatedOnToolsVersion = 7.3.1;
						TestTargetID = 181F36331D4591C700DA5174;
					};
				};
			};
			buildConfigurationList = 181F362F1D4591C700DA5174 /* Build configuration list for PBXProject "Pedometer_Alarm_Clock" */;
			compatibilityVersion = "Xcode 3.2";
			developmentRegion = English;
			hasScannedForEncodings = 0;
			knownRegions = (
				en,
				Base,
			);
			mainGroup = 181F362B1D4591C600DA5174;
			productRefGroup = 181F36351D4591C700DA5174 /* Products */;
			projectDirPath = "";
			projectRoot = "";
			targets = (
				181F36331D4591C700DA5174 /* Pedometer_Alarm_Clock */,
				181F36471D4591C700DA5174 /* Pedometer_Alarm_ClockTests */,
				181F36521D4591C700DA5174 /* Pedometer_Alarm_ClockUITests */,
			);
		};
/* End PBXProject section */

/* Begin PBXResourcesBuildPhase section */
		181F36321D4591C700DA5174 /* Resources */ = {
			isa = PBXResourcesBuildPhase;
			buildActionMask = 2147483647;
			files = (
				181F36421D4591C700DA5174 /* LaunchScreen.storyboard in Resources */,
				181F363F1D4591C700DA5174 /* Assets.xcassets in Resources */,
				181F363D1D4591C700DA5174 /* Main.storyboard in Resources */,
			);
			runOnlyForDeploymentPostprocessing = 0;
		};
		181F36461D4591C700DA5174 /* Resources */ = {
			isa = PBXResourcesBuildPhase;
			buildActionMask = 2147483647;
			files = (
			);
			runOnlyForDeploymentPostprocessing = 0;
		};
		181F36511D4591C700DA5174 /* Resources */ = {
			isa = PBXResourcesBuildPhase;
			buildActionMask = 2147483647;
			files = (
			);
			runOnlyForDeploymentPostprocessing = 0;
		};
/* End PBXResourcesBuildPhase section */

/* Begin PBXSourcesBuildPhase section */
		181F36301D4591C700DA5174 /* Sources */ = {
			isa = PBXSourcesBuildPhase;
			buildActionMask = 2147483647;
			files = (
				181F366A1D46EC4400DA5174 /* alarmTableView.swift in Sources */,
				181F36681D46E48F00DA5174 /* AlarmObject.swift in Sources */,
				181F363A1D4591C700DA5174 /* ViewController.swift in Sources */,
				181F36661D46E1F300DA5174 /* AlarmCreationViewController.swift in Sources */,
				181F36381D4591C700DA5174 /* AppDelegate.swift in Sources */,
				181F366C1D46F04C00DA5174 /* Cell.swift in Sources */,
			);
			runOnlyForDeploymentPostprocessing = 0;
		};
		181F36441D4591C700DA5174 /* Sources */ = {
			isa = PBXSourcesBuildPhase;
			buildActionMask = 2147483647;
			files = (
				181F364D1D4591C700DA5174 /* Pedometer_Alarm_ClockTests.swift in Sources */,
			);
			runOnlyForDeploymentPostprocessing = 0;
		};
		181F364F1D4591C700DA5174 /* Sources */ = {
			isa = PBXSourcesBuildPhase;
			buildActionMask = 2147483647;
			files = (
				181F36581D4591C700DA5174 /* Pedometer_Alarm_ClockUITests.swift in Sources */,
			);
			runOnlyForDeploymentPostprocessing = 0;
		};
/* End PBXSourcesBuildPhase section */

/* Begin PBXTargetDependency section */
		181F364A1D4591C700DA5174 /* PBXTargetDependency */ = {
			isa = PBXTargetDependency;
			target = 181F36331D4591C700DA5174 /* Pedometer_Alarm_Clock */;
			targetProxy = 181F36491D4591C700DA5174 /* PBXContainerItemProxy */;
		};
		181F36551D4591C700DA5174 /* PBXTargetDependency */ = {
			isa = PBXTargetDependency;
			target = 181F36331D4591C700DA5174 /* Pedometer_Alarm_Clock */;
			targetProxy = 181F36541D4591C700DA5174 /* PBXContainerItemProxy */;
		};
/* End PBXTargetDependency section */

/* Begin PBXVariantGroup section */
		181F363B1D4591C700DA5174 /* Main.storyboard */ = {
			isa = PBXVariantGroup;
			children = (
				181F363C1D4591C700DA5174 /* Base */,
			);
			name = Main.storyboard;
			sourceTree = "<group>";
		};
		181F36401D4591C700DA5174 /* LaunchScreen.storyboard */ = {
			isa = PBXVariantGroup;
			children = (
				181F36411D4591C700DA5174 /* Base */,
			);
			name = LaunchScreen.storyboard;
			sourceTree = "<group>";
		};
/* End PBXVariantGroup section */

/* Begin XCBuildConfiguration section */
		181F365A1D4591C700DA5174 /* Debug */ = {
			isa = XCBuildConfiguration;
			buildSettings = {
				ALWAYS_SEARCH_USER_PATHS = NO;
				CLANG_ANALYZER_NONNULL = YES;
				CLANG_CXX_LANGUAGE_STANDARD = "gnu++0x";
				CLANG_CXX_LIBRARY = "libc++";
				CLANG_ENABLE_MODULES = YES;
				CLANG_ENABLE_OBJC_ARC = YES;
				CLANG_WARN_BOOL_CONVERSION = YES;
				CLANG_WARN_CONSTANT_CONVERSION = YES;
				CLANG_WARN_DIRECT_OBJC_ISA_USAGE = YES_ERROR;
				CLANG_WARN_EMPTY_BODY = YES;
				CLANG_WARN_ENUM_CONVERSION = YES;
				CLANG_WARN_INT_CONVERSION = YES;
				CLANG_WARN_OBJC_ROOT_CLASS = YES_ERROR;
				CLANG_WARN_UNREACHABLE_CODE = YES;
				CLANG_WARN__DUPLICATE_METHOD_MATCH = YES;
				"CODE_SIGN_IDENTITY[sdk=iphoneos*]" = "iPhone Developer";
				COPY_PHASE_STRIP = NO;
				DEBUG_INFORMATION_FORMAT = dwarf;
				ENABLE_STRICT_OBJC_MSGSEND = YES;
				ENABLE_TESTABILITY = YES;
				GCC_C_LANGUAGE_STANDARD = gnu99;
				GCC_DYNAMIC_NO_PIC = NO;
				GCC_NO_COMMON_BLOCKS = YES;
				GCC_OPTIMIZATION_LEVEL = 0;
				GCC_PREPROCESSOR_DEFINITIONS = (
					"DEBUG=1",
					"$(inherited)",
				);
				GCC_WARN_64_TO_32_BIT_CONVERSION = YES;
				GCC_WARN_ABOUT_RETURN_TYPE = YES_ERROR;
				GCC_WARN_UNDECLARED_SELECTOR = YES;
				GCC_WARN_UNINITIALIZED_AUTOS = YES_AGGRESSIVE;
				GCC_WARN_UNUSED_FUNCTION = YES;
				GCC_WARN_UNUSED_VARIABLE = YES;
				IPHONEOS_DEPLOYMENT_TARGET = 9.3;
				MTL_ENABLE_DEBUG_INFO = YES;
				ONLY_ACTIVE_ARCH = YES;
				SDKROOT = iphoneos;
				SWIFT_OPTIMIZATION_LEVEL = "-Onone";
				TARGETED_DEVICE_FAMILY = "1,2";
			};
			name = Debug;
		};
		181F365B1D4591C700DA5174 /* Release */ = {
			isa = XCBuildConfiguration;
			buildSettings = {
				ALWAYS_SEARCH_USER_PATHS = NO;
				CLANG_ANALYZER_NONNULL = YES;
				CLANG_CXX_LANGUAGE_STANDARD = "gnu++0x";
				CLANG_CXX_LIBRARY = "libc++";
				CLANG_ENABLE_MODULES = YES;
				CLANG_ENABLE_OBJC_ARC = YES;
				CLANG_WARN_BOOL_CONVERSION = YES;
				CLANG_WARN_CONSTANT_CONVERSION = YES;
				CLANG_WARN_DIRECT_OBJC_ISA_USAGE = YES_ERROR;
				CLANG_WARN_EMPTY_BODY = YES;
				CLANG_WARN_ENUM_CONVERSION = YES;
				CLANG_WARN_INT_CONVERSION = YES;
				CLANG_WARN_OBJC_ROOT_CLASS = YES_ERROR;
				CLANG_WARN_UNREACHABLE_CODE = YES;
				CLANG_WARN__DUPLICATE_METHOD_MATCH = YES;
				"CODE_SIGN_IDENTITY[sdk=iphoneos*]" = "iPhone Developer";
				COPY_PHASE_STRIP = NO;
				DEBUG_INFORMATION_FORMAT = "dwarf-with-dsym";
				ENABLE_NS_ASSERTIONS = NO;
				ENABLE_STRICT_OBJC_MSGSEND = YES;
				GCC_C_LANGUAGE_STANDARD = gnu99;
				GCC_NO_COMMON_BLOCKS = YES;
				GCC_WARN_64_TO_32_BIT_CONVERSION = YES;
				GCC_WARN_ABOUT_RETURN_TYPE = YES_ERROR;
				GCC_WARN_UNDECLARED_SELECTOR = YES;
				GCC_WARN_UNINITIALIZED_AUTOS = YES_AGGRESSIVE;
				GCC_WARN_UNUSED_FUNCTION = YES;
				GCC_WARN_UNUSED_VARIABLE = YES;
				IPHONEOS_DEPLOYMENT_TARGET = 9.3;
				MTL_ENABLE_DEBUG_INFO = NO;
				SDKROOT = iphoneos;
				TARGETED_DEVICE_FAMILY = "1,2";
				VALIDATE_PRODUCT = YES;
			};
			name = Release;
		};
		181F365D1D4591C700DA5174 /* Debug */ = {
			isa = XCBuildConfiguration;
			buildSettings = {
				ASSETCATALOG_COMPILER_APPICON_NAME = AppIcon;
				CODE_SIGN_IDENTITY = "iPhone Developer";
				"CODE_SIGN_IDENTITY[sdk=iphoneos*]" = "iPhone Developer";
				INFOPLIST_FILE = Pedometer_Alarm_Clock/Info.plist;
				LD_RUNPATH_SEARCH_PATHS = "$(inherited) @executable_path/Frameworks";
				PRODUCT_BUNDLE_IDENTIFIER = "edu.umd.cs.abhardwa.Pedometer-Alarm-Clock";
				PRODUCT_NAME = "$(TARGET_NAME)";
				PROVISIONING_PROFILE = "";
			};
			name = Debug;
		};
		181F365E1D4591C700DA5174 /* Release */ = {
			isa = XCBuildConfiguration;
			buildSettings = {
				ASSETCATALOG_COMPILER_APPICON_NAME = AppIcon;
				CODE_SIGN_IDENTITY = "iPhone Developer";
				"CODE_SIGN_IDENTITY[sdk=iphoneos*]" = "iPhone Developer";
				INFOPLIST_FILE = Pedometer_Alarm_Clock/Info.plist;
				LD_RUNPATH_SEARCH_PATHS = "$(inherited) @executable_path/Frameworks";
				PRODUCT_BUNDLE_IDENTIFIER = "edu.umd.cs.abhardwa.Pedometer-Alarm-Clock";
				PRODUCT_NAME = "$(TARGET_NAME)";
				PROVISIONING_PROFILE = "";
			};
			name = Release;
		};
		181F36601D4591C700DA5174 /* Debug */ = {
			isa = XCBuildConfiguration;
			buildSettings = {
				BUNDLE_LOADER = "$(TEST_HOST)";
				INFOPLIST_FILE = Pedometer_Alarm_ClockTests/Info.plist;
				LD_RUNPATH_SEARCH_PATHS = "$(inherited) @executable_path/Frameworks @loader_path/Frameworks";
				PRODUCT_BUNDLE_IDENTIFIER = "edu.umd.cs.abhardwa.Pedometer-Alarm-ClockTests";
				PRODUCT_NAME = "$(TARGET_NAME)";
				TEST_HOST = "$(BUILT_PRODUCTS_DIR)/Pedometer_Alarm_Clock.app/Pedometer_Alarm_Clock";
			};
			name = Debug;
		};
		181F36611D4591C700DA5174 /* Release */ = {
			isa = XCBuildConfiguration;
			buildSettings = {
				BUNDLE_LOADER = "$(TEST_HOST)";
				INFOPLIST_FILE = Pedometer_Alarm_ClockTests/Info.plist;
				LD_RUNPATH_SEARCH_PATHS = "$(inherited) @executable_path/Frameworks @loader_path/Frameworks";
				PRODUCT_BUNDLE_IDENTIFIER = "edu.umd.cs.abhardwa.Pedometer-Alarm-ClockTests";
				PRODUCT_NAME = "$(TARGET_NAME)";
				TEST_HOST = "$(BUILT_PRODUCTS_DIR)/Pedometer_Alarm_Clock.app/Pedometer_Alarm_Clock";
			};
			name = Release;
		};
		181F36631D4591C700DA5174 /* Debug */ = {
			isa = XCBuildConfiguration;
			buildSettings = {
				INFOPLIST_FILE = Pedometer_Alarm_ClockUITests/Info.plist;
				LD_RUNPATH_SEARCH_PATHS = "$(inherited) @executable_path/Frameworks @loader_path/Frameworks";
				PRODUCT_BUNDLE_IDENTIFIER = "edu.umd.cs.abhardwa.Pedometer-Alarm-ClockUITests";
				PRODUCT_NAME = "$(TARGET_NAME)";
				TEST_TARGET_NAME = Pedometer_Alarm_Clock;
			};
			name = Debug;
		};
		181F36641D4591C700DA5174 /* Release */ = {
			isa = XCBuildConfiguration;
			buildSettings = {
				INFOPLIST_FILE = Pedometer_Alarm_ClockUITests/Info.plist;
				LD_RUNPATH_SEARCH_PATHS = "$(inherited) @executable_path/Frameworks @loader_path/Frameworks";
				PRODUCT_BUNDLE_IDENTIFIER = "edu.umd.cs.abhardwa.Pedometer-Alarm-ClockUITests";
				PRODUCT_NAME = "$(TARGET_NAME)";
				TEST_TARGET_NAME = Pedometer_Alarm_Clock;
			};
			name = Release;
		};
/* End XCBuildConfiguration section */

/* Begin XCConfigurationList section */
		181F362F1D4591C700DA5174 /* Build configuration list for PBXProject "Pedometer_Alarm_Clock" */ = {
			isa = XCConfigurationList;
			buildConfigurations = (
				181F365A1D4591C700DA5174 /* Debug */,
				181F365B1D4591C700DA5174 /* Release */,
			);
			defaultConfigurationIsVisible = 0;
			defaultConfigurationName = Release;
		};
		181F365C1D4591C700DA5174 /* Build configuration list for PBXNativeTarget "Pedometer_Alarm_Clock" */ = {
			isa = XCConfigurationList;
			buildConfigurations = (
				181F365D1D4591C700DA5174 /* Debug */,
				181F365E1D4591C700DA5174 /* Release */,
			);
			defaultConfigurationIsVisible = 0;
			defaultConfigurationName = Release;
		};
		181F365F1D4591C700DA5174 /* Build configuration list for PBXNativeTarget "Pedometer_Alarm_ClockTests" */ = {
			isa = XCConfigurationList;
			buildConfigurations = (
				181F36601D4591C700DA5174 /* Debug */,
				181F36611D4591C700DA5174 /* Release */,
			);
			defaultConfigurationIsVisible = 0;
			defaultConfigurationName = Release;
		};
		181F36621D4591C700DA5174 /* Build configuration list for PBXNativeTarget "Pedometer_Alarm_ClockUITests" */ = {
			isa = XCConfigurationList;
			buildConfigurations = (
				181F36631D4591C700DA5174 /* Debug */,
				181F36641D4591C700DA5174 /* Release */,
			);
			defaultConfigurationIsVisible = 0;
			defaultConfigurationName = Release;
		};
/* End XCConfigurationList section */
	};
	rootObject = 181F362C1D4591C700DA5174 /* Project object */;
}
